// !$*UTF8*$!
{
	archiveVersion = 1;
	classes = {
	};
	objectVersion = 46;
	objects = {

/* Begin PBXBuildFile section */
		5C63AE461F3827A00054CF75 /* main.m in Sources */ = {isa = PBXBuildFile; fileRef = 5C63AE451F3827A00054CF75 /* main.m */; };
		5C63AE491F3827A00054CF75 /* AppDelegate.m in Sources */ = {isa = PBXBuildFile; fileRef = 5C63AE481F3827A00054CF75 /* AppDelegate.m */; };
		5C63AE4C1F3827A00054CF75 /* ViewController.m in Sources */ = {isa = PBXBuildFile; fileRef = 5C63AE4B1F3827A00054CF75 /* ViewController.m */; };
		5C63AE4F1F3827A00054CF75 /* Main.storyboard in Resources */ = {isa = PBXBuildFile; fileRef = 5C63AE4D1F3827A00054CF75 /* Main.storyboard */; };
		5C63AE511F3827A00054CF75 /* Assets.xcassets in Resources */ = {isa = PBXBuildFile; fileRef = 5C63AE501F3827A00054CF75 /* Assets.xcassets */; };
		5C63AE541F3827A00054CF75 /* LaunchScreen.storyboard in Resources */ = {isa = PBXBuildFile; fileRef = 5C63AE521F3827A00054CF75 /* LaunchScreen.storyboard */; };
		5C63AE5F1F3827A00054CF75 /* NSThread___Tests.m in Sources */ = {isa = PBXBuildFile; fileRef = 5C63AE5E1F3827A00054CF75 /* NSThread___Tests.m */; };
		5C63AE6A1F3827A00054CF75 /* NSThread___UITests.m in Sources */ = {isa = PBXBuildFile; fileRef = 5C63AE691F3827A00054CF75 /* NSThread___UITests.m */; };
/* End PBXBuildFile section */

/* Begin PBXContainerItemProxy section */
		5C63AE5B1F3827A00054CF75 /* PBXContainerItemProxy */ = {
			isa = PBXContainerItemProxy;
			containerPortal = 5C63AE391F3827A00054CF75 /* Project object */;
			proxyType = 1;
			remoteGlobalIDString = 5C63AE401F3827A00054CF75;
			remoteInfo = "NSThread的使用";
		};
		5C63AE661F3827A00054CF75 /* PBXContainerItemProxy */ = {
			isa = PBXContainerItemProxy;
			containerPortal = 5C63AE391F3827A00054CF75 /* Project object */;
			proxyType = 1;
			remoteGlobalIDString = 5C63AE401F3827A00054CF75;
			remoteInfo = "NSThread的使用";
		};
/* End PBXContainerItemProxy section */

/* Begin PBXFileReference section */
		5C63AE411F3827A00054CF75 /* NSThread的使用.app */ = {isa = PBXFileReference; explicitFileType = wrapper.application; includeInIndex = 0; path = "NSThread的使用.app"; sourceTree = BUILT_PRODUCTS_DIR; };
		5C63AE451F3827A00054CF75 /* main.m */ = {isa = PBXFileReference; lastKnownFileType = sourcecode.c.objc; path = main.m; sourceTree = "<group>"; };
		5C63AE471F3827A00054CF75 /* AppDelegate.h */ = {isa = PBXFileReference; lastKnownFileType = sourcecode.c.h; path = AppDelegate.h; sourceTree = "<group>"; };
		5C63AE481F3827A00054CF75 /* AppDelegate.m */ = {isa = PBXFileReference; lastKnownFileType = sourcecode.c.objc; path = AppDelegate.m; sourceTree = "<group>"; };
		5C63AE4A1F3827A00054CF75 /* ViewController.h */ = {isa = PBXFileReference; lastKnownFileType = sourcecode.c.h; path = ViewController.h; sourceTree = "<group>"; };
		5C63AE4B1F3827A00054CF75 /* ViewController.m */ = {isa = PBXFileReference; lastKnownFileType = sourcecode.c.objc; path = ViewController.m; sourceTree = "<group>"; };
		5C63AE4E1F3827A00054CF75 /* Base */ = {isa = PBXFileReference; lastKnownFileType = file.storyboard; name = Base; path = Base.lproj/Main.storyboard; sourceTree = "<group>"; };
		5C63AE501F3827A00054CF75 /* Assets.xcassets */ = {isa = PBXFileReference; lastKnownFileType = folder.assetcatalog; path = Assets.xcassets; sourceTree = "<group>"; };
		5C63AE531F3827A00054CF75 /* Base */ = {isa = PBXFileReference; lastKnownFileType = file.storyboard; name = Base; path = Base.lproj/LaunchScreen.storyboard; sourceTree = "<group>"; };
		5C63AE551F3827A00054CF75 /* Info.plist */ = {isa = PBXFileReference; lastKnownFileType = text.plist.xml; path = Info.plist; sourceTree = "<group>"; };
		5C63AE5A1F3827A00054CF75 /* NSThread的使用Tests.xctest */ = {isa = PBXFileReference; explicitFileType = wrapper.cfbundle; includeInIndex = 0; path = "NSThread的使用Tests.xctest"; sourceTree = BUILT_PRODUCTS_DIR; };
		5C63AE5E1F3827A00054CF75 /* NSThread___Tests.m */ = {isa = PBXFileReference; lastKnownFileType = sourcecode.c.objc; path = "NSThread___Tests.m"; sourceTree = "<group>"; };
		5C63AE601F3827A00054CF75 /* Info.plist */ = {isa = PBXFileReference; lastKnownFileType = text.plist.xml; path = Info.plist; sourceTree = "<group>"; };
		5C63AE651F3827A00054CF75 /* NSThread的使用UITests.xctest */ = {isa = PBXFileReference; explicitFileType = wrapper.cfbundle; includeInIndex = 0; path = "NSThread的使用UITests.xctest"; sourceTree = BUILT_PRODUCTS_DIR; };
		5C63AE691F3827A00054CF75 /* NSThread___UITests.m */ = {isa = PBXFileReference; lastKnownFileType = sourcecode.c.objc; path = "NSThread___UITests.m"; sourceTree = "<group>"; };
		5C63AE6B1F3827A00054CF75 /* Info.plist */ = {isa = PBXFileReference; lastKnownFileType = text.plist.xml; path = Info.plist; sourceTree = "<group>"; };
/* End PBXFileReference section */

/* Begin PBXFrameworksBuildPhase section */
		5C63AE3E1F3827A00054CF75 /* Frameworks */ = {
			isa = PBXFrameworksBuildPhase;
			buildActionMask = 2147483647;
			files = (
			);
			runOnlyForDeploymentPostprocessing = 0;
		};
		5C63AE571F3827A00054CF75 /* Frameworks */ = {
			isa = PBXFrameworksBuildPhase;
			buildActionMask = 2147483647;
			files = (
			);
			runOnlyForDeploymentPostprocessing = 0;
		};
		5C63AE621F3827A00054CF75 /* Frameworks */ = {
			isa = PBXFrameworksBuildPhase;
			buildActionMask = 2147483647;
			files = (
			);
			runOnlyForDeploymentPostprocessing = 0;
		};
/* End PBXFrameworksBuildPhase section */

/* Begin PBXGroup section */
		5C63AE381F3827A00054CF75 = {
			isa = PBXGroup;
			children = (
				5C63AE431F3827A00054CF75 /* NSThread的使用 */,
				5C63AE5D1F3827A00054CF75 /* NSThread的使用Tests */,
				5C63AE681F3827A00054CF75 /* NSThread的使用UITests */,
				5C63AE421F3827A00054CF75 /* Products */,
			);
			sourceTree = "<group>";
		};
		5C63AE421F3827A00054CF75 /* Products */ = {
			isa = PBXGroup;
			children = (
				5C63AE411F3827A00054CF75 /* NSThread的使用.app */,
				5C63AE5A1F3827A00054CF75 /* NSThread的使用Tests.xctest */,
				5C63AE651F3827A00054CF75 /* NSThread的使用UITests.xctest */,
			);
			name = Products;
			sourceTree = "<group>";
		};
		5C63AE431F3827A00054CF75 /* NSThread的使用 */ = {
			isa = PBXGroup;
			children = (
				5C63AE471F3827A00054CF75 /* AppDelegate.h */,
				5C63AE481F3827A00054CF75 /* AppDelegate.m */,
				5C63AE4A1F3827A00054CF75 /* ViewController.h */,
				5C63AE4B1F3827A00054CF75 /* ViewController.m */,
				5C63AE4D1F3827A00054CF75 /* Main.storyboard */,
				5C63AE501F3827A00054CF75 /* Assets.xcassets */,
				5C63AE521F3827A00054CF75 /* LaunchScreen.storyboard */,
				5C63AE551F3827A00054CF75 /* Info.plist */,
				5C63AE441F3827A00054CF75 /* Supporting Files */,
			);
			path = "NSThread的使用";
			sourceTree = "<group>";
		};
		5C63AE441F3827A00054CF75 /* Supporting Files */ = {
			isa = PBXGroup;
			children = (
				5C63AE451F3827A00054CF75 /* main.m */,
			);
			name = "Supporting Files";
			sourceTree = "<group>";
		};
		5C63AE5D1F3827A00054CF75 /* NSThread的使用Tests */ = {
			isa = PBXGroup;
			children = (
				5C63AE5E1F3827A00054CF75 /* NSThread___Tests.m */,
				5C63AE601F3827A00054CF75 /* Info.plist */,
			);
			path = "NSThread的使用Tests";
			sourceTree = "<group>";
		};
		5C63AE681F3827A00054CF75 /* NSThread的使用UITests */ = {
			isa = PBXGroup;
			children = (
				5C63AE691F3827A00054CF75 /* NSThread___UITests.m */,
				5C63AE6B1F3827A00054CF75 /* Info.plist */,
			);
			path = "NSThread的使用UITests";
			sourceTree = "<group>";
		};
/* End PBXGroup section */

/* Begin PBXNativeTarget section */
		5C63AE401F3827A00054CF75 /* NSThread的使用 */ = {
			isa = PBXNativeTarget;
			buildConfigurationList = 5C63AE6E1F3827A00054CF75 /* Build configuration list for PBXNativeTarget "NSThread的使用" */;
			buildPhases = (
				5C63AE3D1F3827A00054CF75 /* Sources */,
				5C63AE3E1F3827A00054CF75 /* Frameworks */,
				5C63AE3F1F3827A00054CF75 /* Resources */,
			);
			buildRules = (
			);
			dependencies = (
			);
			name = "NSThread的使用";
			productName = "NSThread的使用";
			productReference = 5C63AE411F3827A00054CF75 /* NSThread的使用.app */;
			productType = "com.apple.product-type.application";
		};
		5C63AE591F3827A00054CF75 /* NSThread的使用Tests */ = {
			isa = PBXNativeTarget;
			buildConfigurationList = 5C63AE711F3827A00054CF75 /* Build configuration list for PBXNativeTarget "NSThread的使用Tests" */;
			buildPhases = (
				5C63AE561F3827A00054CF75 /* Sources */,
				5C63AE571F3827A00054CF75 /* Frameworks */,
				5C63AE581F3827A00054CF75 /* Resources */,
			);
			buildRules = (
			);
			dependencies = (
				5C63AE5C1F3827A00054CF75 /* PBXTargetDependency */,
			);
			name = "NSThread的使用Tests";
			productName = "NSThread的使用Tests";
			productReference = 5C63AE5A1F3827A00054CF75 /* NSThread的使用Tests.xctest */;
			productType = "com.apple.product-type.bundle.unit-test";
		};
		5C63AE641F3827A00054CF75 /* NSThread的使用UITests */ = {
			isa = PBXNativeTarget;
			buildConfigurationList = 5C63AE741F3827A00054CF75 /* Build configuration list for PBXNativeTarget "NSThread的使用UITests" */;
			buildPhases = (
				5C63AE611F3827A00054CF75 /* Sources */,
				5C63AE621F3827A00054CF75 /* Frameworks */,
				5C63AE631F3827A00054CF75 /* Resources */,
			);
			buildRules = (
			);
			dependencies = (
				5C63AE671F3827A00054CF75 /* PBXTargetDependency */,
			);
			name = "NSThread的使用UITests";
			productName = "NSThread的使用UITests";
			productReference = 5C63AE651F3827A00054CF75 /* NSThread的使用UITests.xctest */;
			productType = "com.apple.product-type.bundle.ui-testing";
		};
/* End PBXNativeTarget section */

/* Begin PBXProject section */
		5C63AE391F3827A00054CF75 /* Project object */ = {
			isa = PBXProject;
			attributes = {
				LastUpgradeCheck = 0830;
				ORGANIZATIONNAME = RenJiee;
				TargetAttributes = {
					5C63AE401F3827A00054CF75 = {
						CreatedOnToolsVersion = 8.3.3;
						DevelopmentTeam = 6NSCZPVHD4;
						ProvisioningStyle = Automatic;
					};
					5C63AE591F3827A00054CF75 = {
						CreatedOnToolsVersion = 8.3.3;
						DevelopmentTeam = 6NSCZPVHD4;
						ProvisioningStyle = Automatic;
						TestTargetID = 5C63AE401F3827A00054CF75;
					};
					5C63AE641F3827A00054CF75 = {
						CreatedOnToolsVersion = 8.3.3;
						DevelopmentTeam = 6NSCZPVHD4;
						ProvisioningStyle = Automatic;
						TestTargetID = 5C63AE401F3827A00054CF75;
					};
				};
			};
			buildConfigurationList = 5C63AE3C1F3827A00054CF75 /* Build configuration list for PBXProject "NSThread的使用" */;
			compatibilityVersion = "Xcode 3.2";
			developmentRegion = English;
			hasScannedForEncodings = 0;
			knownRegions = (
				en,
				Base,
			);
			mainGroup = 5C63AE381F3827A00054CF75;
			productRefGroup = 5C63AE421F3827A00054CF75 /* Products */;
			projectDirPath = "";
			projectRoot = "";
			targets = (
				5C63AE401F3827A00054CF75 /* NSThread的使用 */,
				5C63AE591F3827A00054CF75 /* NSThread的使用Tests */,
				5C63AE641F3827A00054CF75 /* NSThread的使用UITests */,
			);
		};
/* End PBXProject section */

/* Begin PBXResourcesBuildPhase section */
		5C63AE3F1F3827A00054CF75 /* Resources */ = {
			isa = PBXResourcesBuildPhase;
			buildActionMask = 2147483647;
			files = (
				5C63AE541F3827A00054CF75 /* LaunchScreen.storyboard in Resources */,
				5C63AE511F3827A00054CF75 /* Assets.xcassets in Resources */,
				5C63AE4F1F3827A00054CF75 /* Main.storyboard in Resources */,
			);
			runOnlyForDeploymentPostprocessing = 0;
		};
		5C63AE581F3827A00054CF75 /* Resources */ = {
			isa = PBXResourcesBuildPhase;
			buildActionMask = 2147483647;
			files = (
			);
			runOnlyForDeploymentPostprocessing = 0;
		};
		5C63AE631F3827A00054CF75 /* Resources */ = {
			isa = PBXResourcesBuildPhase;
			buildActionMask = 2147483647;
			files = (
			);
			runOnlyForDeploymentPostprocessing = 0;
		};
/* End PBXResourcesBuildPhase section */

/* Begin PBXSourcesBuildPhase section */
		5C63AE3D1F3827A00054CF75 /* Sources */ = {
			isa = PBXSourcesBuildPhase;
			buildActionMask = 2147483647;
			files = (
				5C63AE4C1F3827A00054CF75 /* ViewController.m in Sources */,
				5C63AE491F3827A00054CF75 /* AppDelegate.m in Sources */,
				5C63AE461F3827A00054CF75 /* main.m in Sources */,
			);
			runOnlyForDeploymentPostprocessing = 0;
		};
		5C63AE561F3827A00054CF75 /* Sources */ = {
			isa = PBXSourcesBuildPhase;
			buildActionMask = 2147483647;
			files = (
				5C63AE5F1F3827A00054CF75 /* NSThread___Tests.m in Sources */,
			);
			runOnlyForDeploymentPostprocessing = 0;
		};
		5C63AE611F3827A00054CF75 /* Sources */ = {
			isa = PBXSourcesBuildPhase;
			buildActionMask = 2147483647;
			files = (
				5C63AE6A1F3827A00054CF75 /* NSThread___UITests.m in Sources */,
			);
			runOnlyForDeploymentPostprocessing = 0;
		};
/* End PBXSourcesBuildPhase section */

/* Begin PBXTargetDependency section */
		5C63AE5C1F3827A00054CF75 /* PBXTargetDependency */ = {
			isa = PBXTargetDependency;
			target = 5C63AE401F3827A00054CF75 /* NSThread的使用 */;
			targetProxy = 5C63AE5B1F3827A00054CF75 /* PBXContainerItemProxy */;
		};
		5C63AE671F3827A00054CF75 /* PBXTargetDependency */ = {
			isa = PBXTargetDependency;
			target = 5C63AE401F3827A00054CF75 /* NSThread的使用 */;
			targetProxy = 5C63AE661F3827A00054CF75 /* PBXContainerItemProxy */;
		};
/* End PBXTargetDependency section */

/* Begin PBXVariantGroup section */
		5C63AE4D1F3827A00054CF75 /* Main.storyboard */ = {
			isa = PBXVariantGroup;
			children = (
				5C63AE4E1F3827A00054CF75 /* Base */,
			);
			name = Main.storyboard;
			sourceTree = "<group>";
		};
		5C63AE521F3827A00054CF75 /* LaunchScreen.storyboard */ = {
			isa = PBXVariantGroup;
			children = (
				5C63AE531F3827A00054CF75 /* Base */,
			);
			name = LaunchScreen.storyboard;
			sourceTree = "<group>";
		};
/* End PBXVariantGroup section */

/* Begin XCBuildConfiguration section */
		5C63AE6C1F3827A00054CF75 /* Debug */ = {
			isa = XCBuildConfiguration;
			buildSettings = {
				ALWAYS_SEARCH_USER_PATHS = NO;
				CLANG_ANALYZER_NONNULL = YES;
				CLANG_ANALYZER_NUMBER_OBJECT_CONVERSION = YES_AGGRESSIVE;
				CLANG_CXX_LANGUAGE_STANDARD = "gnu++0x";
				CLANG_CXX_LIBRARY = "libc++";
				CLANG_ENABLE_MODULES = YES;
				CLANG_ENABLE_OBJC_ARC = YES;
				CLANG_WARN_BOOL_CONVERSION = YES;
				CLANG_WARN_CONSTANT_CONVERSION = YES;
				CLANG_WARN_DIRECT_OBJC_ISA_USAGE = YES_ERROR;
				CLANG_WARN_DOCUMENTATION_COMMENTS = YES;
				CLANG_WARN_EMPTY_BODY = YES;
				CLANG_WARN_ENUM_CONVERSION = YES;
				CLANG_WARN_INFINITE_RECURSION = YES;
				CLANG_WARN_INT_CONVERSION = YES;
				CLANG_WARN_OBJC_ROOT_CLASS = YES_ERROR;
				CLANG_WARN_SUSPICIOUS_MOVE = YES;
				CLANG_WARN_UNREACHABLE_CODE = YES;
				CLANG_WARN__DUPLICATE_METHOD_MATCH = YES;
				"CODE_SIGN_IDENTITY[sdk=iphoneos*]" = "iPhone Developer";
				COPY_PHASE_STRIP = NO;
				DEBUG_INFORMATION_FORMAT = dwarf;
				ENABLE_STRICT_OBJC_MSGSEND = YES;
				ENABLE_TESTABILITY = YES;
				GCC_C_LANGUAGE_STANDARD = gnu99;
				GCC_DYNAMIC_NO_PIC = NO;
				GCC_NO_COMMON_BLOCKS = YES;
				GCC_OPTIMIZATION_LEVEL = 0;
				GCC_PREPROCESSOR_DEFINITIONS = (
					"DEBUG=1",
					"$(inherited)",
				);
				GCC_WARN_64_TO_32_BIT_CONVERSION = YES;
				GCC_WARN_ABOUT_RETURN_TYPE = YES_ERROR;
				GCC_WARN_UNDECLARED_SELECTOR = YES;
				GCC_WARN_UNINITIALIZED_AUTOS = YES_AGGRESSIVE;
				GCC_WARN_UNUSED_FUNCTION = YES;
				GCC_WARN_UNUSED_VARIABLE = YES;
				IPHONEOS_DEPLOYMENT_TARGET = 10.3;
				MTL_ENABLE_DEBUG_INFO = YES;
				ONLY_ACTIVE_ARCH = YES;
				SDKROOT = iphoneos;
			};
			name = Debug;
		};
		5C63AE6D1F3827A00054CF75 /* Release */ = {
			isa = XCBuildConfiguration;
			buildSettings = {
				ALWAYS_SEARCH_USER_PATHS = NO;
				CLANG_ANALYZER_NONNULL = YES;
				CLANG_ANALYZER_NUMBER_OBJECT_CONVERSION = YES_AGGRESSIVE;
				CLANG_CXX_LANGUAGE_STANDARD = "gnu++0x";
				CLANG_CXX_LIBRARY = "libc++";
				CLANG_ENABLE_MODULES = YES;
				CLANG_ENABLE_OBJC_ARC = YES;
				CLANG_WARN_BOOL_CONVERSION = YES;
				CLANG_WARN_CONSTANT_CONVERSION = YES;
				CLANG_WARN_DIRECT_OBJC_ISA_USAGE = YES_ERROR;
				CLANG_WARN_DOCUMENTATION_COMMENTS = YES;
				CLANG_WARN_EMPTY_BODY = YES;
				CLANG_WARN_ENUM_CONVERSION = YES;
				CLANG_WARN_INFINITE_RECURSION = YES;
				CLANG_WARN_INT_CONVERSION = YES;
				CLANG_WARN_OBJC_ROOT_CLASS = YES_ERROR;
				CLANG_WARN_SUSPICIOUS_MOVE = YES;
				CLANG_WARN_UNREACHABLE_CODE = YES;
				CLANG_WARN__DUPLICATE_METHOD_MATCH = YES;
				"CODE_SIGN_IDENTITY[sdk=iphoneos*]" = "iPhone Developer";
				COPY_PHASE_STRIP = NO;
				DEBUG_INFORMATION_FORMAT = "dwarf-with-dsym";
				ENABLE_NS_ASSERTIONS = NO;
				ENABLE_STRICT_OBJC_MSGSEND = YES;
				GCC_C_LANGUAGE_STANDARD = gnu99;
				GCC_NO_COMMON_BLOCKS = YES;
				GCC_WARN_64_TO_32_BIT_CONVERSION = YES;
				GCC_WARN_ABOUT_RETURN_TYPE = YES_ERROR;
				GCC_WARN_UNDECLARED_SELECTOR = YES;
				GCC_WARN_UNINITIALIZED_AUTOS = YES_AGGRESSIVE;
				GCC_WARN_UNUSED_FUNCTION = YES;
				GCC_WARN_UNUSED_VARIABLE = YES;
				IPHONEOS_DEPLOYMENT_TARGET = 10.3;
				MTL_ENABLE_DEBUG_INFO = NO;
				SDKROOT = iphoneos;
				VALIDATE_PRODUCT = YES;
			};
			name = Release;
		};
		5C63AE6F1F3827A00054CF75 /* Debug */ = {
			isa = XCBuildConfiguration;
			buildSettings = {
				ASSETCATALOG_COMPILER_APPICON_NAME = AppIcon;
				DEVELOPMENT_TEAM = 6NSCZPVHD4;
				INFOPLIST_FILE = "NSThread的使用/Info.plist";
				LD_RUNPATH_SEARCH_PATHS = "$(inherited) @executable_path/Frameworks";
				PRODUCT_BUNDLE_IDENTIFIER = "com.RenJiee.Zhang.NSThread---";
				PRODUCT_NAME = "$(TARGET_NAME)";
			};
			name = Debug;
		};
		5C63AE701F3827A00054CF75 /* Release */ = {
			isa = XCBuildConfiguration;
			buildSettings = {
				ASSETCATALOG_COMPILER_APPICON_NAME = AppIcon;
				DEVELOPMENT_TEAM = 6NSCZPVHD4;
				INFOPLIST_FILE = "NSThread的使用/Info.plist";
				LD_RUNPATH_SEARCH_PATHS = "$(inherited) @executable_path/Frameworks";
				PRODUCT_BUNDLE_IDENTIFIER = "com.RenJiee.Zhang.NSThread---";
				PRODUCT_NAME = "$(TARGET_NAME)";
			};
			name = Release;
		};
		5C63AE721F3827A00054CF75 /* Debug */ = {
			isa = XCBuildConfiguration;
			buildSettings = {
				BUNDLE_LOADER = "$(TEST_HOST)";
				DEVELOPMENT_TEAM = 6NSCZPVHD4;
				INFOPLIST_FILE = "NSThread的使用Tests/Info.plist";
				LD_RUNPATH_SEARCH_PATHS = "$(inherited) @executable_path/Frameworks @loader_path/Frameworks";
				PRODUCT_BUNDLE_IDENTIFIER = "com.RenJiee.Zhang.NSThread---Tests";
				PRODUCT_NAME = "$(TARGET_NAME)";
				TEST_HOST = "$(BUILT_PRODUCTS_DIR)/NSThread的使用.app/NSThread的使用";
			};
			name = Debug;
		};
		5C63AE731F3827A00054CF75 /* Release */ = {
			isa = XCBuildConfiguration;
			buildSettings = {
				BUNDLE_LOADER = "$(TEST_HOST)";
				DEVELOPMENT_TEAM = 6NSCZPVHD4;
				INFOPLIST_FILE = "NSThread的使用Tests/Info.plist";
				LD_RUNPATH_SEARCH_PATHS = "$(inherited) @executable_path/Frameworks @loader_path/Frameworks";
				PRODUCT_BUNDLE_IDENTIFIER = "com.RenJiee.Zhang.NSThread---Tests";
				PRODUCT_NAME = "$(TARGET_NAME)";
				TEST_HOST = "$(BUILT_PRODUCTS_DIR)/NSThread的使用.app/NSThread的使用";
			};
			name = Release;
		};
		5C63AE751F3827A00054CF75 /* Debug */ = {
			isa = XCBuildConfiguration;
			buildSettings = {
				DEVELOPMENT_TEAM = 6NSCZPVHD4;
				INFOPLIST_FILE = "NSThread的使用UITests/Info.plist";
				LD_RUNPATH_SEARCH_PATHS = "$(inherited) @executable_path/Frameworks @loader_path/Frameworks";
				PRODUCT_BUNDLE_IDENTIFIER = "com.RenJiee.Zhang.NSThread---UITests";
				PRODUCT_NAME = "$(TARGET_NAME)";
				TEST_TARGET_NAME = "NSThread的使用";
			};
			name = Debug;
		};
		5C63AE761F3827A00054CF75 /* Release */ = {
			isa = XCBuildConfiguration;
			buildSettings = {
				DEVELOPMENT_TEAM = 6NSCZPVHD4;
				INFOPLIST_FILE = "NSThread的使用UITests/Info.plist";
				LD_RUNPATH_SEARCH_PATHS = "$(inherited) @executable_path/Frameworks @loader_path/Frameworks";
				PRODUCT_BUNDLE_IDENTIFIER = "com.RenJiee.Zhang.NSThread---UITests";
				PRODUCT_NAME = "$(TARGET_NAME)";
				TEST_TARGET_NAME = "NSThread的使用";
			};
			name = Release;
		};
/* End XCBuildConfiguration section */

/* Begin XCConfigurationList section */
		5C63AE3C1F3827A00054CF75 /* Build configuration list for PBXProject "NSThread的使用" */ = {
			isa = XCConfigurationList;
			buildConfigurations = (
				5C63AE6C1F3827A00054CF75 /* Debug */,
				5C63AE6D1F3827A00054CF75 /* Release */,
			);
			defaultConfigurationIsVisible = 0;
			defaultConfigurationName = Release;
		};
		5C63AE6E1F3827A00054CF75 /* Build configuration list for PBXNativeTarget "NSThread的使用" */ = {
			isa = XCConfigurationList;
			buildConfigurations = (
				5C63AE6F1F3827A00054CF75 /* Debug */,
				5C63AE701F3827A00054CF75 /* Release */,
			);
			defaultConfigurationIsVisible = 0;
		};
		5C63AE711F3827A00054CF75 /* Build configuration list for PBXNativeTarget "NSThread的使用Tests" */ = {
			isa = XCConfigurationList;
			buildConfigurations = (
				5C63AE721F3827A00054CF75 /* Debug */,
				5C63AE731F3827A00054CF75 /* Release */,
			);
			defaultConfigurationIsVisible = 0;
		};
		5C63AE741F3827A00054CF75 /* Build configuration list for PBXNativeTarget "NSThread的使用UITests" */ = {
			isa = XCConfigurationList;
			buildConfigurations = (
				5C63AE751F3827A00054CF75 /* Debug */,
				5C63AE761F3827A00054CF75 /* Release */,
			);
			defaultConfigurationIsVisible = 0;
		};
/* End XCConfigurationList section */
	};
	rootObject = 5C63AE391F3827A00054CF75 /* Project object */;
}
